
Microsoft Visual Studio Solution File, Format Version 12.00
# Visual Studio 14
VisualStudioVersion = 14.0.23107.0
MinimumVisualStudioVersion = 10.0.40219.1
Project("{FAE04EC0-301F-11D3-BF4B-00C04F79EFBC}") = "VirtualDualHost", "VirtualDualHost\VirtualDualHost.csproj", "{8B36AE60-BE22-41D9-8B32-8E1726104EFE}"
EndProject
Project("{2150E333-8FDC-42A3-9474-1A3956D46DE8}") = "0-Kernel", "0-Kernel", "{D6D0F3BA-3922-40B1-905E-94D43182C0A5}"
EndProject
Project("{2150E333-8FDC-42A3-9474-1A3956D46DE8}") = "1-Message", "1-Message", "{FF5ECF52-D750-4BC1-A9D8-8C248FD7A8E3}"
EndProject
Project("{2150E333-8FDC-42A3-9474-1A3956D46DE8}") = "2-State", "2-State", "{2E5930CA-EF3F-4E8B-AF7B-D1C942CAA156}"
EndProject
Project("{2150E333-8FDC-42A3-9474-1A3956D46DE8}") = "3-Screen", "3-Screen", "{989BAFE2-5217-4741-8AAE-738B276EE05C}"
EndProject
Project("{2150E333-8FDC-42A3-9474-1A3956D46DE8}") = "NDC", "NDC", "{5AC39A5E-D0EF-4E11-B914-2A41AD6303FD}"
EndProject
Project("{2150E333-8FDC-42A3-9474-1A3956D46DE8}") = "DDC", "DDC", "{2B22DF44-63F8-4065-A0EC-08CA6B7324F0}"
EndProject
Project("{2150E333-8FDC-42A3-9474-1A3956D46DE8}") = "DDC", "DDC", "{FCE100E2-A233-4671-99E5-637C40B90BEC}"
EndProject
Project("{2150E333-8FDC-42A3-9474-1A3956D46DE8}") = "NDC", "NDC", "{FDEC7D90-9679-4A98-9D92-EBECDB46E960}"
EndProject
Project("{2150E333-8FDC-42A3-9474-1A3956D46DE8}") = "DDC", "DDC", "{D56DDE98-8DB3-4586-A760-896407ABEBE9}"
EndProject
Project("{2150E333-8FDC-42A3-9474-1A3956D46DE8}") = "NDC", "NDC", "{027A7E01-9CEE-4429-8969-06DCED9413FB}"
EndProject
Project("{FAE04EC0-301F-11D3-BF4B-00C04F79EFBC}") = "MessagePars_NDC", "MessagePars_NDC\MessagePars_NDC.csproj", "{F7367462-1193-41C1-8BF2-3B710A5ACD8C}"
EndProject
Project("{FAE04EC0-301F-11D3-BF4B-00C04F79EFBC}") = "StandardFeature", "StandardFeature\StandardFeature.csproj", "{65EA3BEF-DB02-4309-B5D8-6AF32F8134DC}"
EndProject
Project("{FAE04EC0-301F-11D3-BF4B-00C04F79EFBC}") = "MessagePars_DDC", "MessagePars_DDC\MessagePars_DDC.csproj", "{084B9306-D7E1-4B01-8CA7-FE7D76471F26}"
EndProject
Project("{FAE04EC0-301F-11D3-BF4B-00C04F79EFBC}") = "StatePars_NDC", "StatePars_NDC\StatePars_NDC.csproj", "{9FA55386-53C2-4815-96DA-0C09AD5F1DFF}"
EndProject
Project("{FAE04EC0-301F-11D3-BF4B-00C04F79EFBC}") = "StatePars_DDC", "StatePars_DDC\StatePars_DDC.csproj", "{CF04E3BA-4CB7-41E2-8146-3DAA9112A746}"
EndProject
Project("{FAE04EC0-301F-11D3-BF4B-00C04F79EFBC}") = "ScreenPars_NDC", "ScreenPars_NDC\ScreenPars_NDC.csproj", "{C8BF7E00-F038-4A4B-A6D8-4906C3D16F2C}"
EndProject
Project("{FAE04EC0-301F-11D3-BF4B-00C04F79EFBC}") = "ScreenPars_DDC", "ScreenPars_DDC\ScreenPars_DDC.csproj", "{341D2B27-25F0-4289-B599-00E83548EA7C}"
EndProject
Project("{2150E333-8FDC-42A3-9474-1A3956D46DE8}") = "4-Fit", "4-Fit", "{88F17C12-A647-49D4-99D3-2DF1FDF6FCB6}"
EndProject
Project("{2150E333-8FDC-42A3-9474-1A3956D46DE8}") = "DDC", "DDC", "{DAEEE9CB-C840-47FA-B795-43C303C8FAD0}"
EndProject
Project("{2150E333-8FDC-42A3-9474-1A3956D46DE8}") = "NDC", "NDC", "{20D4B726-EDFF-498F-9BD2-F0C1DF63C711}"
EndProject
Project("{FAE04EC0-301F-11D3-BF4B-00C04F79EFBC}") = "FitPars_DDC", "FitPars_DDC\FitPars_DDC.csproj", "{67FA0EFF-2C4C-43DD-98B7-35870A5C03F8}"
EndProject
Project("{FAE04EC0-301F-11D3-BF4B-00C04F79EFBC}") = "FitPars_NDC", "FitPars_NDC\FitPars_NDC.csproj", "{DD894B31-7EAB-4F3A-94D1-5A7655F609FB}"
EndProject
Project("{2150E333-8FDC-42A3-9474-1A3956D46DE8}") = "5-Test", "5-Test", "{9C953113-6956-42A5-BC13-1A15F0EDB2AF}"
EndProject
Project("{FAE04EC0-301F-11D3-BF4B-00C04F79EFBC}") = "TestingForm", "TestingForm\TestingForm.csproj", "{E2F68440-B32E-4E10-9859-107657E439EB}"
EndProject
Global
	GlobalSection(SolutionConfigurationPlatforms) = preSolution
		Debug|Any CPU = Debug|Any CPU
		Debug|Mixed Platforms = Debug|Mixed Platforms
		Debug|x86 = Debug|x86
		Release|Any CPU = Release|Any CPU
		Release|Mixed Platforms = Release|Mixed Platforms
		Release|x86 = Release|x86
	EndGlobalSection
	GlobalSection(ProjectConfigurationPlatforms) = postSolution
		{8B36AE60-BE22-41D9-8B32-8E1726104EFE}.Debug|Any CPU.ActiveCfg = Debug|x86
		{8B36AE60-BE22-41D9-8B32-8E1726104EFE}.Debug|Mixed Platforms.ActiveCfg = Debug|x86
		{8B36AE60-BE22-41D9-8B32-8E1726104EFE}.Debug|Mixed Platforms.Build.0 = Debug|x86
		{8B36AE60-BE22-41D9-8B32-8E1726104EFE}.Debug|x86.ActiveCfg = Debug|x86
		{8B36AE60-BE22-41D9-8B32-8E1726104EFE}.Debug|x86.Build.0 = Debug|x86
		{8B36AE60-BE22-41D9-8B32-8E1726104EFE}.Release|Any CPU.ActiveCfg = Release|x86
		{8B36AE60-BE22-41D9-8B32-8E1726104EFE}.Release|Mixed Platforms.ActiveCfg = Release|x86
		{8B36AE60-BE22-41D9-8B32-8E1726104EFE}.Release|Mixed Platforms.Build.0 = Release|x86
		{8B36AE60-BE22-41D9-8B32-8E1726104EFE}.Release|x86.ActiveCfg = Release|x86
		{8B36AE60-BE22-41D9-8B32-8E1726104EFE}.Release|x86.Build.0 = Release|x86
		{F7367462-1193-41C1-8BF2-3B710A5ACD8C}.Debug|Any CPU.ActiveCfg = Debug|Any CPU
		{F7367462-1193-41C1-8BF2-3B710A5ACD8C}.Debug|Any CPU.Build.0 = Debug|Any CPU
		{F7367462-1193-41C1-8BF2-3B710A5ACD8C}.Debug|Mixed Platforms.ActiveCfg = Debug|Any CPU
		{F7367462-1193-41C1-8BF2-3B710A5ACD8C}.Debug|Mixed Platforms.Build.0 = Debug|Any CPU
		{F7367462-1193-41C1-8BF2-3B710A5ACD8C}.Debug|x86.ActiveCfg = Debug|Any CPU
		{F7367462-1193-41C1-8BF2-3B710A5ACD8C}.Release|Any CPU.ActiveCfg = Release|Any CPU
		{F7367462-1193-41C1-8BF2-3B710A5ACD8C}.Release|Any CPU.Build.0 = Release|Any CPU
		{F7367462-1193-41C1-8BF2-3B710A5ACD8C}.Release|Mixed Platforms.ActiveCfg = Release|Any CPU
		{F7367462-1193-41C1-8BF2-3B710A5ACD8C}.Release|Mixed Platforms.Build.0 = Release|Any CPU
		{F7367462-1193-41C1-8BF2-3B710A5ACD8C}.Release|x86.ActiveCfg = Release|Any CPU
		{65EA3BEF-DB02-4309-B5D8-6AF32F8134DC}.Debug|Any CPU.ActiveCfg = Debug|Any CPU
		{65EA3BEF-DB02-4309-B5D8-6AF32F8134DC}.Debug|Any CPU.Build.0 = Debug|Any CPU
		{65EA3BEF-DB02-4309-B5D8-6AF32F8134DC}.Debug|Mixed Platforms.ActiveCfg = Debug|Any CPU
		{65EA3BEF-DB02-4309-B5D8-6AF32F8134DC}.Debug|Mixed Platforms.Build.0 = Debug|Any CPU
		{65EA3BEF-DB02-4309-B5D8-6AF32F8134DC}.Debug|x86.ActiveCfg = Debug|Any CPU
		{65EA3BEF-DB02-4309-B5D8-6AF32F8134DC}.Debug|x86.Build.0 = Debug|Any CPU
		{65EA3BEF-DB02-4309-B5D8-6AF32F8134DC}.Release|Any CPU.ActiveCfg = Release|Any CPU
		{65EA3BEF-DB02-4309-B5D8-6AF32F8134DC}.Release|Any CPU.Build.0 = Release|Any CPU
		{65EA3BEF-DB02-4309-B5D8-6AF32F8134DC}.Release|Mixed Platforms.ActiveCfg = Release|Any CPU
		{65EA3BEF-DB02-4309-B5D8-6AF32F8134DC}.Release|Mixed Platforms.Build.0 = Release|Any CPU
		{65EA3BEF-DB02-4309-B5D8-6AF32F8134DC}.Release|x86.ActiveCfg = Release|Any CPU
		{65EA3BEF-DB02-4309-B5D8-6AF32F8134DC}.Release|x86.Build.0 = Release|Any CPU
		{084B9306-D7E1-4B01-8CA7-FE7D76471F26}.Debug|Any CPU.ActiveCfg = Debug|Any CPU
		{084B9306-D7E1-4B01-8CA7-FE7D76471F26}.Debug|Any CPU.Build.0 = Debug|Any CPU
		{084B9306-D7E1-4B01-8CA7-FE7D76471F26}.Debug|Mixed Platforms.ActiveCfg = Debug|Any CPU
		{084B9306-D7E1-4B01-8CA7-FE7D76471F26}.Debug|Mixed Platforms.Build.0 = Debug|Any CPU
		{084B9306-D7E1-4B01-8CA7-FE7D76471F26}.Debug|x86.ActiveCfg = Debug|Any CPU
		{084B9306-D7E1-4B01-8CA7-FE7D76471F26}.Debug|x86.Build.0 = Debug|Any CPU
		{084B9306-D7E1-4B01-8CA7-FE7D76471F26}.Release|Any CPU.ActiveCfg = Release|Any CPU
		{084B9306-D7E1-4B01-8CA7-FE7D76471F26}.Release|Any CPU.Build.0 = Release|Any CPU
		{084B9306-D7E1-4B01-8CA7-FE7D76471F26}.Release|Mixed Platforms.ActiveCfg = Release|Any CPU
		{084B9306-D7E1-4B01-8CA7-FE7D76471F26}.Release|Mixed Platforms.Build.0 = Release|Any CPU
		{084B9306-D7E1-4B01-8CA7-FE7D76471F26}.Release|x86.ActiveCfg = Release|Any CPU
		{084B9306-D7E1-4B01-8CA7-FE7D76471F26}.Release|x86.Build.0 = Release|Any CPU
		{9FA55386-53C2-4815-96DA-0C09AD5F1DFF}.Debug|Any CPU.ActiveCfg = Debug|Any CPU
		{9FA55386-53C2-4815-96DA-0C09AD5F1DFF}.Debug|Any CPU.Build.0 = Debug|Any CPU
		{9FA55386-53C2-4815-96DA-0C09AD5F1DFF}.Debug|Mixed Platforms.ActiveCfg = Debug|Any CPU
		{9FA55386-53C2-4815-96DA-0C09AD5F1DFF}.Debug|Mixed Platforms.Build.0 = Debug|Any CPU
		{9FA55386-53C2-4815-96DA-0C09AD5F1DFF}.Debug|x86.ActiveCfg = Debug|Any CPU
		{9FA55386-53C2-4815-96DA-0C09AD5F1DFF}.Debug|x86.Build.0 = Debug|Any CPU
		{9FA55386-53C2-4815-96DA-0C09AD5F1DFF}.Release|Any CPU.ActiveCfg = Release|Any CPU
		{9FA55386-53C2-4815-96DA-0C09AD5F1DFF}.Release|Any CPU.Build.0 = Release|Any CPU
		{9FA55386-53C2-4815-96DA-0C09AD5F1DFF}.Release|Mixed Platforms.ActiveCfg = Release|Any CPU
		{9FA55386-53C2-4815-96DA-0C09AD5F1DFF}.Release|Mixed Platforms.Build.0 = Release|Any CPU
		{9FA55386-53C2-4815-96DA-0C09AD5F1DFF}.Release|x86.ActiveCfg = Release|Any CPU
		{9FA55386-53C2-4815-96DA-0C09AD5F1DFF}.Release|x86.Build.0 = Release|Any CPU
		{CF04E3BA-4CB7-41E2-8146-3DAA9112A746}.Debug|Any CPU.ActiveCfg = Debug|Any CPU
		{CF04E3BA-4CB7-41E2-8146-3DAA9112A746}.Debug|Any CPU.Build.0 = Debug|Any CPU
		{CF04E3BA-4CB7-41E2-8146-3DAA9112A746}.Debug|Mixed Platforms.ActiveCfg = Debug|Any CPU
		{CF04E3BA-4CB7-41E2-8146-3DAA9112A746}.Debug|Mixed Platforms.Build.0 = Debug|Any CPU
		{CF04E3BA-4CB7-41E2-8146-3DAA9112A746}.Debug|x86.ActiveCfg = Debug|Any CPU
		{CF04E3BA-4CB7-41E2-8146-3DAA9112A746}.Debug|x86.Build.0 = Debug|Any CPU
		{CF04E3BA-4CB7-41E2-8146-3DAA9112A746}.Release|Any CPU.ActiveCfg = Release|Any CPU
		{CF04E3BA-4CB7-41E2-8146-3DAA9112A746}.Release|Any CPU.Build.0 = Release|Any CPU
		{CF04E3BA-4CB7-41E2-8146-3DAA9112A746}.Release|Mixed Platforms.ActiveCfg = Release|Any CPU
		{CF04E3BA-4CB7-41E2-8146-3DAA9112A746}.Release|Mixed Platforms.Build.0 = Release|Any CPU
		{CF04E3BA-4CB7-41E2-8146-3DAA9112A746}.Release|x86.ActiveCfg = Release|Any CPU
		{CF04E3BA-4CB7-41E2-8146-3DAA9112A746}.Release|x86.Build.0 = Release|Any CPU
		{C8BF7E00-F038-4A4B-A6D8-4906C3D16F2C}.Debug|Any CPU.ActiveCfg = Debug|Any CPU
		{C8BF7E00-F038-4A4B-A6D8-4906C3D16F2C}.Debug|Any CPU.Build.0 = Debug|Any CPU
		{C8BF7E00-F038-4A4B-A6D8-4906C3D16F2C}.Debug|Mixed Platforms.ActiveCfg = Debug|Any CPU
		{C8BF7E00-F038-4A4B-A6D8-4906C3D16F2C}.Debug|Mixed Platforms.Build.0 = Debug|Any CPU
		{C8BF7E00-F038-4A4B-A6D8-4906C3D16F2C}.Debug|x86.ActiveCfg = Debug|Any CPU
		{C8BF7E00-F038-4A4B-A6D8-4906C3D16F2C}.Debug|x86.Build.0 = Debug|Any CPU
		{C8BF7E00-F038-4A4B-A6D8-4906C3D16F2C}.Release|Any CPU.ActiveCfg = Release|Any CPU
		{C8BF7E00-F038-4A4B-A6D8-4906C3D16F2C}.Release|Any CPU.Build.0 = Release|Any CPU
		{C8BF7E00-F038-4A4B-A6D8-4906C3D16F2C}.Release|Mixed Platforms.ActiveCfg = Release|Any CPU
		{C8BF7E00-F038-4A4B-A6D8-4906C3D16F2C}.Release|Mixed Platforms.Build.0 = Release|Any CPU
		{C8BF7E00-F038-4A4B-A6D8-4906C3D16F2C}.Release|x86.ActiveCfg = Release|Any CPU
		{C8BF7E00-F038-4A4B-A6D8-4906C3D16F2C}.Release|x86.Build.0 = Release|Any CPU
		{341D2B27-25F0-4289-B599-00E83548EA7C}.Debug|Any CPU.ActiveCfg = Debug|Any CPU
		{341D2B27-25F0-4289-B599-00E83548EA7C}.Debug|Any CPU.Build.0 = Debug|Any CPU
		{341D2B27-25F0-4289-B599-00E83548EA7C}.Debug|Mixed Platforms.ActiveCfg = Debug|Any CPU
		{341D2B27-25F0-4289-B599-00E83548EA7C}.Debug|Mixed Platforms.Build.0 = Debug|Any CPU
		{341D2B27-25F0-4289-B599-00E83548EA7C}.Debug|x86.ActiveCfg = Debug|Any CPU
		{341D2B27-25F0-4289-B599-00E83548EA7C}.Debug|x86.Build.0 = Debug|Any CPU
		{341D2B27-25F0-4289-B599-00E83548EA7C}.Release|Any CPU.ActiveCfg = Release|Any CPU
		{341D2B27-25F0-4289-B599-00E83548EA7C}.Release|Any CPU.Build.0 = Release|Any CPU
		{341D2B27-25F0-4289-B599-00E83548EA7C}.Release|Mixed Platforms.ActiveCfg = Release|Any CPU
		{341D2B27-25F0-4289-B599-00E83548EA7C}.Release|Mixed Platforms.Build.0 = Release|Any CPU
		{341D2B27-25F0-4289-B599-00E83548EA7C}.Release|x86.ActiveCfg = Release|Any CPU
		{341D2B27-25F0-4289-B599-00E83548EA7C}.Release|x86.Build.0 = Release|Any CPU
		{67FA0EFF-2C4C-43DD-98B7-35870A5C03F8}.Debug|Any CPU.ActiveCfg = Debug|Any CPU
		{67FA0EFF-2C4C-43DD-98B7-35870A5C03F8}.Debug|Any CPU.Build.0 = Debug|Any CPU
		{67FA0EFF-2C4C-43DD-98B7-35870A5C03F8}.Debug|Mixed Platforms.ActiveCfg = Debug|Any CPU
		{67FA0EFF-2C4C-43DD-98B7-35870A5C03F8}.Debug|Mixed Platforms.Build.0 = Debug|Any CPU
		{67FA0EFF-2C4C-43DD-98B7-35870A5C03F8}.Debug|x86.ActiveCfg = Debug|Any CPU
		{67FA0EFF-2C4C-43DD-98B7-35870A5C03F8}.Debug|x86.Build.0 = Debug|Any CPU
		{67FA0EFF-2C4C-43DD-98B7-35870A5C03F8}.Release|Any CPU.ActiveCfg = Release|Any CPU
		{67FA0EFF-2C4C-43DD-98B7-35870A5C03F8}.Release|Any CPU.Build.0 = Release|Any CPU
		{67FA0EFF-2C4C-43DD-98B7-35870A5C03F8}.Release|Mixed Platforms.ActiveCfg = Release|Any CPU
		{67FA0EFF-2C4C-43DD-98B7-35870A5C03F8}.Release|Mixed Platforms.Build.0 = Release|Any CPU
		{67FA0EFF-2C4C-43DD-98B7-35870A5C03F8}.Release|x86.ActiveCfg = Release|Any CPU
		{67FA0EFF-2C4C-43DD-98B7-35870A5C03F8}.Release|x86.Build.0 = Release|Any CPU
		{DD894B31-7EAB-4F3A-94D1-5A7655F609FB}.Debug|Any CPU.ActiveCfg = Debug|Any CPU
		{DD894B31-7EAB-4F3A-94D1-5A7655F609FB}.Debug|Any CPU.Build.0 = Debug|Any CPU
		{DD894B31-7EAB-4F3A-94D1-5A7655F609FB}.Debug|Mixed Platforms.ActiveCfg = Debug|Any CPU
		{DD894B31-7EAB-4F3A-94D1-5A7655F609FB}.Debug|Mixed Platforms.Build.0 = Debug|Any CPU
		{DD894B31-7EAB-4F3A-94D1-5A7655F609FB}.Debug|x86.ActiveCfg = Debug|Any CPU
		{DD894B31-7EAB-4F3A-94D1-5A7655F609FB}.Debug|x86.Build.0 = Debug|Any CPU
		{DD894B31-7EAB-4F3A-94D1-5A7655F609FB}.Release|Any CPU.ActiveCfg = Release|Any CPU
		{DD894B31-7EAB-4F3A-94D1-5A7655F609FB}.Release|Any CPU.Build.0 = Release|Any CPU
		{DD894B31-7EAB-4F3A-94D1-5A7655F609FB}.Release|Mixed Platforms.ActiveCfg = Release|Any CPU
		{DD894B31-7EAB-4F3A-94D1-5A7655F609FB}.Release|Mixed Platforms.Build.0 = Release|Any CPU
		{DD894B31-7EAB-4F3A-94D1-5A7655F609FB}.Release|x86.ActiveCfg = Release|Any CPU
		{DD894B31-7EAB-4F3A-94D1-5A7655F609FB}.Release|x86.Build.0 = Release|Any CPU
		{E2F68440-B32E-4E10-9859-107657E439EB}.Debug|Any CPU.ActiveCfg = Debug|Any CPU
		{E2F68440-B32E-4E10-9859-107657E439EB}.Debug|Any CPU.Build.0 = Debug|Any CPU
		{E2F68440-B32E-4E10-9859-107657E439EB}.Debug|Mixed Platforms.ActiveCfg = Debug|Any CPU
		{E2F68440-B32E-4E10-9859-107657E439EB}.Debug|Mixed Platforms.Build.0 = Debug|Any CPU
		{E2F68440-B32E-4E10-9859-107657E439EB}.Debug|x86.ActiveCfg = Debug|Any CPU
		{E2F68440-B32E-4E10-9859-107657E439EB}.Debug|x86.Build.0 = Debug|Any CPU
		{E2F68440-B32E-4E10-9859-107657E439EB}.Release|Any CPU.ActiveCfg = Release|Any CPU
		{E2F68440-B32E-4E10-9859-107657E439EB}.Release|Any CPU.Build.0 = Release|Any CPU
		{E2F68440-B32E-4E10-9859-107657E439EB}.Release|Mixed Platforms.ActiveCfg = Release|Any CPU
		{E2F68440-B32E-4E10-9859-107657E439EB}.Release|Mixed Platforms.Build.0 = Release|Any CPU
		{E2F68440-B32E-4E10-9859-107657E439EB}.Release|x86.ActiveCfg = Release|Any CPU
		{E2F68440-B32E-4E10-9859-107657E439EB}.Release|x86.Build.0 = Release|Any CPU
	EndGlobalSection
	GlobalSection(SolutionProperties) = preSolution
		HideSolutionNode = FALSE
	EndGlobalSection
	GlobalSection(NestedProjects) = preSolution
		{8B36AE60-BE22-41D9-8B32-8E1726104EFE} = {D6D0F3BA-3922-40B1-905E-94D43182C0A5}
		{5AC39A5E-D0EF-4E11-B914-2A41AD6303FD} = {FF5ECF52-D750-4BC1-A9D8-8C248FD7A8E3}
		{2B22DF44-63F8-4065-A0EC-08CA6B7324F0} = {FF5ECF52-D750-4BC1-A9D8-8C248FD7A8E3}
		{FCE100E2-A233-4671-99E5-637C40B90BEC} = {2E5930CA-EF3F-4E8B-AF7B-D1C942CAA156}
		{FDEC7D90-9679-4A98-9D92-EBECDB46E960} = {2E5930CA-EF3F-4E8B-AF7B-D1C942CAA156}
		{D56DDE98-8DB3-4586-A760-896407ABEBE9} = {989BAFE2-5217-4741-8AAE-738B276EE05C}
		{027A7E01-9CEE-4429-8969-06DCED9413FB} = {989BAFE2-5217-4741-8AAE-738B276EE05C}
		{F7367462-1193-41C1-8BF2-3B710A5ACD8C} = {5AC39A5E-D0EF-4E11-B914-2A41AD6303FD}
		{65EA3BEF-DB02-4309-B5D8-6AF32F8134DC} = {D6D0F3BA-3922-40B1-905E-94D43182C0A5}
		{084B9306-D7E1-4B01-8CA7-FE7D76471F26} = {2B22DF44-63F8-4065-A0EC-08CA6B7324F0}
		{9FA55386-53C2-4815-96DA-0C09AD5F1DFF} = {FDEC7D90-9679-4A98-9D92-EBECDB46E960}
		{CF04E3BA-4CB7-41E2-8146-3DAA9112A746} = {FCE100E2-A233-4671-99E5-637C40B90BEC}
		{C8BF7E00-F038-4A4B-A6D8-4906C3D16F2C} = {027A7E01-9CEE-4429-8969-06DCED9413FB}
		{341D2B27-25F0-4289-B599-00E83548EA7C} = {D56DDE98-8DB3-4586-A760-896407ABEBE9}
		{DAEEE9CB-C840-47FA-B795-43C303C8FAD0} = {88F17C12-A647-49D4-99D3-2DF1FDF6FCB6}
		{20D4B726-EDFF-498F-9BD2-F0C1DF63C711} = {88F17C12-A647-49D4-99D3-2DF1FDF6FCB6}
		{67FA0EFF-2C4C-43DD-98B7-35870A5C03F8} = {DAEEE9CB-C840-47FA-B795-43C303C8FAD0}
		{DD894B31-7EAB-4F3A-94D1-5A7655F609FB} = {20D4B726-EDFF-498F-9BD2-F0C1DF63C711}
		{E2F68440-B32E-4E10-9859-107657E439EB} = {9C953113-6956-42A5-BC13-1A15F0EDB2AF}
	EndGlobalSection
EndGlobal
